// !$*UTF8*$!
{
	archiveVersion = 1;
	classes = {
	};
	objectVersion = 50;
	objects = {

/* Begin PBXBuildFile section */
		ADFAE1D3210CAA9300E08054 /* AppDelegate.swift in Sources */ = {isa = PBXBuildFile; fileRef = ADFAE1D2210CAA9300E08054 /* AppDelegate.swift */; };
		ADFAE1D5210CAA9300E08054 /* ViewController.swift in Sources */ = {isa = PBXBuildFile; fileRef = ADFAE1D4210CAA9300E08054 /* ViewController.swift */; };
		ADFAE1D8210CAA9300E08054 /* Main.storyboard in Resources */ = {isa = PBXBuildFile; fileRef = ADFAE1D6210CAA9300E08054 /* Main.storyboard */; };
		ADFAE1DB210CAA9300E08054 /* OneSmile.xcdatamodeld in Sources */ = {isa = PBXBuildFile; fileRef = ADFAE1D9210CAA9300E08054 /* OneSmile.xcdatamodeld */; };
		ADFAE1DD210CAA9500E08054 /* Assets.xcassets in Resources */ = {isa = PBXBuildFile; fileRef = ADFAE1DC210CAA9500E08054 /* Assets.xcassets */; };
		ADFAE1E0210CAA9500E08054 /* LaunchScreen.storyboard in Resources */ = {isa = PBXBuildFile; fileRef = ADFAE1DE210CAA9500E08054 /* LaunchScreen.storyboard */; };
/* End PBXBuildFile section */

/* Begin PBXFileReference section */
		ADFAE1CF210CAA9300E08054 /* OneSmile.app */ = {isa = PBXFileReference; explicitFileType = wrapper.application; includeInIndex = 0; path = OneSmile.app; sourceTree = BUILT_PRODUCTS_DIR; };
		ADFAE1D2210CAA9300E08054 /* AppDelegate.swift */ = {isa = PBXFileReference; lastKnownFileType = sourcecode.swift; path = AppDelegate.swift; sourceTree = "<group>"; };
		ADFAE1D4210CAA9300E08054 /* ViewController.swift */ = {isa = PBXFileReference; lastKnownFileType = sourcecode.swift; path = ViewController.swift; sourceTree = "<group>"; };
		ADFAE1D7210CAA9300E08054 /* Base */ = {isa = PBXFileReference; lastKnownFileType = file.storyboard; name = Base; path = Base.lproj/Main.storyboard; sourceTree = "<group>"; };
		ADFAE1DA210CAA9300E08054 /* OneSmile.xcdatamodel */ = {isa = PBXFileReference; lastKnownFileType = wrapper.xcdatamodel; path = OneSmile.xcdatamodel; sourceTree = "<group>"; };
		ADFAE1DC210CAA9500E08054 /* Assets.xcassets */ = {isa = PBXFileReference; lastKnownFileType = folder.assetcatalog; path = Assets.xcassets; sourceTree = "<group>"; };
		ADFAE1DF210CAA9500E08054 /* Base */ = {isa = PBXFileReference; lastKnownFileType = file.storyboard; name = Base; path = Base.lproj/LaunchScreen.storyboard; sourceTree = "<group>"; };
		ADFAE1E1210CAA9500E08054 /* Info.plist */ = {isa = PBXFileReference; lastKnownFileType = text.plist.xml; path = Info.plist; sourceTree = "<group>"; };
/* End PBXFileReference section */

/* Begin PBXFrameworksBuildPhase section */
		ADFAE1CC210CAA9300E08054 /* Frameworks */ = {
			isa = PBXFrameworksBuildPhase;
			buildActionMask = 2147483647;
			files = (
			);
			runOnlyForDeploymentPostprocessing = 0;
		};
/* End PBXFrameworksBuildPhase section */

/* Begin PBXGroup section */
		ADFAE1C6210CAA9300E08054 = {
			isa = PBXGroup;
			children = (
				ADFAE1D1210CAA9300E08054 /* OneSmile */,
				ADFAE1D0210CAA9300E08054 /* Products */,
			);
			sourceTree = "<group>";
		};
		ADFAE1D0210CAA9300E08054 /* Products */ = {
			isa = PBXGroup;
			children = (
				ADFAE1CF210CAA9300E08054 /* OneSmile.app */,
			);
			name = Products;
			sourceTree = "<group>";
		};
		ADFAE1D1210CAA9300E08054 /* OneSmile */ = {
			isa = PBXGroup;
			children = (
				ADFAE1D2210CAA9300E08054 /* AppDelegate.swift */,
				ADFAE1D4210CAA9300E08054 /* ViewController.swift */,
				ADFAE1D6210CAA9300E08054 /* Main.storyboard */,
				ADFAE1DC210CAA9500E08054 /* Assets.xcassets */,
				ADFAE1DE210CAA9500E08054 /* LaunchScreen.storyboard */,
				ADFAE1E1210CAA9500E08054 /* Info.plist */,
				ADFAE1D9210CAA9300E08054 /* OneSmile.xcdatamodeld */,
			);
			path = OneSmile;
			sourceTree = "<group>";
		};
/* End PBXGroup section */

/* Begin PBXNativeTarget section */
		ADFAE1CE210CAA9300E08054 /* OneSmile */ = {
			isa = PBXNativeTarget;
			buildConfigurationList = ADFAE1E4210CAA9500E08054 /* Build configuration list for PBXNativeTarget "OneSmile" */;
			buildPhases = (
				ADFAE1CB210CAA9300E08054 /* Sources */,
				ADFAE1CC210CAA9300E08054 /* Frameworks */,
				ADFAE1CD210CAA9300E08054 /* Resources */,
			);
			buildRules = (
			);
			dependencies = (
			);
			name = OneSmile;
			productName = OneSmile;
			productReference = ADFAE1CF210CAA9300E08054 /* OneSmile.app */;
			productType = "com.apple.product-type.application";
		};
/* End PBXNativeTarget section */

/* Begin PBXProject section */
		ADFAE1C7210CAA9300E08054 /* Project object */ = {
			isa = PBXProject;
			attributes = {
				LastSwiftUpdateCheck = 0940;
				LastUpgradeCheck = 0940;
				ORGANIZATIONNAME = "Marko Dimitrijevic";
				TargetAttributes = {
					ADFAE1CE210CAA9300E08054 = {
						CreatedOnToolsVersion = 9.4;
					};
				};
			};
			buildConfigurationList = ADFAE1CA210CAA9300E08054 /* Build configuration list for PBXProject "OneSmile" */;
			compatibilityVersion = "Xcode 9.3";
			developmentRegion = en;
			hasScannedForEncodings = 0;
			knownRegions = (
				en,
				Base,
			);
			mainGroup = ADFAE1C6210CAA9300E08054;
			productRefGroup = ADFAE1D0210CAA9300E08054 /* Products */;
			projectDirPath = "";
			projectRoot = "";
			targets = (
				ADFAE1CE210CAA9300E08054 /* OneSmile */,
			);
		};
/* End PBXProject section */

/* Begin PBXResourcesBuildPhase section */
		ADFAE1CD210CAA9300E08054 /* Resources */ = {
			isa = PBXResourcesBuildPhase;
			buildActionMask = 2147483647;
			files = (
				ADFAE1E0210CAA9500E08054 /* LaunchScreen.storyboard in Resources */,
				ADFAE1DD210CAA9500E08054 /* Assets.xcassets in Resources */,
				ADFAE1D8210CAA9300E08054 /* Main.storyboard in Resources */,
			);
			runOnlyForDeploymentPostprocessing = 0;
		};
/* End PBXResourcesBuildPhase section */

/* Begin PBXSourcesBuildPhase section */
		ADFAE1CB210CAA9300E08054 /* Sources */ = {
			isa = PBXSourcesBuildPhase;
			buildActionMask = 2147483647;
			files = (
				ADFAE1D5210CAA9300E08054 /* ViewController.swift in Sources */,
				ADFAE1DB210CAA9300E08054 /* OneSmile.xcdatamodeld in Sources */,
				ADFAE1D3210CAA9300E08054 /* AppDelegate.swift in Sources */,
			);
			runOnlyForDeploymentPostprocessing = 0;
		};
/* End PBXSourcesBuildPhase section */

/* Begin PBXVariantGroup section */
		ADFAE1D6210CAA9300E08054 /* Main.storyboard */ = {
			isa = PBXVariantGroup;
			children = (
				ADFAE1D7210CAA9300E08054 /* Base */,
			);
			name = Main.storyboard;
			sourceTree = "<group>";
		};
		ADFAE1DE210CAA9500E08054 /* LaunchScreen.storyboard */ = {
			isa = PBXVariantGroup;
			children = (
				ADFAE1DF210CAA9500E08054 /* Base */,
			);
			name = LaunchScreen.storyboard;
			sourceTree = "<group>";
		};
/* End PBXVariantGroup section */

/* Begin XCBuildConfiguration section */
		ADFAE1E2210CAA9500E08054 /* Debug */ = {
			isa = XCBuildConfiguration;
			buildSettings = {
				ALWAYS_SEARCH_USER_PATHS = NO;
				CLANG_ANALYZER_NONNULL = YES;
				CLANG_ANALYZER_NUMBER_OBJECT_CONVERSION = YES_AGGRESSIVE;
				CLANG_CXX_LANGUAGE_STANDARD = "gnu++14";
				CLANG_CXX_LIBRARY = "libc++";
				CLANG_ENABLE_MODULES = YES;
				CLANG_ENABLE_OBJC_ARC = YES;
				CLANG_ENABLE_OBJC_WEAK = YES;
				CLANG_WARN_BLOCK_CAPTURE_AUTORELEASING = YES;
				CLANG_WARN_BOOL_CONVERSION = YES;
				CLANG_WARN_COMMA = YES;
				CLANG_WARN_CONSTANT_CONVERSION = YES;
				CLANG_WARN_DEPRECATED_OBJC_IMPLEMENTATIONS = YES;
				CLANG_WARN_DIRECT_OBJC_ISA_USAGE = YES_ERROR;
				CLANG_WARN_DOCUMENTATION_COMMENTS = YES;
				CLANG_WARN_EMPTY_BODY = YES;
				CLANG_WARN_ENUM_CONVERSION = YES;
				CLANG_WARN_INFINITE_RECURSION = YES;
				CLANG_WARN_INT_CONVERSION = YES;
				CLANG_WARN_NON_LITERAL_NULL_CONVERSION = YES;
				CLANG_WARN_OBJC_IMPLICIT_RETAIN_SELF = YES;
				CLANG_WARN_OBJC_LITERAL_CONVERSION = YES;
				CLANG_WARN_OBJC_ROOT_CLASS = YES_ERROR;
				CLANG_WARN_RANGE_LOOP_ANALYSIS = YES;
				CLANG_WARN_STRICT_PROTOTYPES = YES;
				CLANG_WARN_SUSPICIOUS_MOVE = YES;
				CLANG_WARN_UNGUARDED_AVAILABILITY = YES_AGGRESSIVE;
				CLANG_WARN_UNREACHABLE_CODE = YES;
				CLANG_WARN__DUPLICATE_METHOD_MATCH = YES;
				CODE_SIGN_IDENTITY = "iPhone Developer";
				COPY_PHASE_STRIP = NO;
				DEBUG_INFORMATION_FORMAT = dwarf;
				ENABLE_STRICT_OBJC_MSGSEND = YES;
				ENABLE_TESTABILITY = YES;
				GCC_C_LANGUAGE_STANDARD = gnu11;
				GCC_DYNAMIC_NO_PIC = NO;
				GCC_NO_COMMON_BLOCKS = YES;
				GCC_OPTIMIZATION_LEVEL = 0;
				GCC_PREPROCESSOR_DEFINITIONS = (
					"DEBUG=1",
					"$(inherited)",
				);
				GCC_WARN_64_TO_32_BIT_CONVERSION = YES;
				GCC_WARN_ABOUT_RETURN_TYPE = YES_ERROR;
				GCC_WARN_UNDECLARED_SELECTOR = YES;
				GCC_WARN_UNINITIALIZED_AUTOS = YES_AGGRESSIVE;
				GCC_WARN_UNUSED_FUNCTION = YES;
				GCC_WARN_UNUSED_VARIABLE = YES;
				IPHONEOS_DEPLOYMENT_TARGET = 11.4;
				MTL_ENABLE_DEBUG_INFO = YES;
				ONLY_ACTIVE_ARCH = YES;
				SDKROOT = iphoneos;
				SWIFT_ACTIVE_COMPILATION_CONDITIONS = DEBUG;
				SWIFT_OPTIMIZATION_LEVEL = "-Onone";
			};
			name = Debug;
		};
		ADFAE1E3210CAA9500E08054 /* Release */ = {
			isa = XCBuildConfiguration;
			buildSettings = {
				ALWAYS_SEARCH_USER_PATHS = NO;
				CLANG_ANALYZER_NONNULL = YES;
				CLANG_ANALYZER_NUMBER_OBJECT_CONVERSION = YES_AGGRESSIVE;
				CLANG_CXX_LANGUAGE_STANDARD = "gnu++14";
				CLANG_CXX_LIBRARY = "libc++";
				CLANG_ENABLE_MODULES = YES;
				CLANG_ENABLE_OBJC_ARC = YES;
				CLANG_ENABLE_OBJC_WEAK = YES;
				CLANG_WARN_BLOCK_CAPTURE_AUTORELEASING = YES;
				CLANG_WARN_BOOL_CONVERSION = YES;
				CLANG_WARN_COMMA = YES;
				CLANG_WARN_CONSTANT_CONVERSION = YES;
				CLANG_WARN_DEPRECATED_OBJC_IMPLEMENTATIONS = YES;
				CLANG_WARN_DIRECT_OBJC_ISA_USAGE = YES_ERROR;
				CLANG_WARN_DOCUMENTATION_COMMENTS = YES;
				CLANG_WARN_EMPTY_BODY = YES;
				CLANG_WARN_ENUM_CONVERSION = YES;
				CLANG_WARN_INFINITE_RECURSION = YES;
				CLANG_WARN_INT_CONVERSION = YES;
				CLANG_WARN_NON_LITERAL_NULL_CONVERSION = YES;
				CLANG_WARN_OBJC_IMPLICIT_RETAIN_SELF = YES;
				CLANG_WARN_OBJC_LITERAL_CONVERSION = YES;
				CLANG_WARN_OBJC_ROOT_CLASS = YES_ERROR;
				CLANG_WARN_RANGE_LOOP_ANALYSIS = YES;
				CLANG_WARN_STRICT_PROTOTYPES = YES;
				CLANG_WARN_SUSPICIOUS_MOVE = YES;
				CLANG_WARN_UNGUARDED_AVAILABILITY = YES_AGGRESSIVE;
				CLANG_WARN_UNREACHABLE_CODE = YES;
				CLANG_WARN__DUPLICATE_METHOD_MATCH = YES;
				CODE_SIGN_IDENTITY = "iPhone Developer";
				COPY_PHASE_STRIP = NO;
				DEBUG_INFORMATION_FORMAT = "dwarf-with-dsym";
				ENABLE_NS_ASSERTIONS = NO;
				ENABLE_STRICT_OBJC_MSGSEND = YES;
				GCC_C_LANGUAGE_STANDARD = gnu11;
				GCC_NO_COMMON_BLOCKS = YES;
				GCC_WARN_64_TO_32_BIT_CONVERSION = YES;
				GCC_WARN_ABOUT_RETURN_TYPE = YES_ERROR;
				GCC_WARN_UNDECLARED_SELECTOR = YES;
				GCC_WARN_UNINITIALIZED_AUTOS = YES_AGGRESSIVE;
				GCC_WARN_UNUSED_FUNCTION = YES;
				GCC_WARN_UNUSED_VARIABLE = YES;
				IPHONEOS_DEPLOYMENT_TARGET = 11.4;
				MTL_ENABLE_DEBUG_INFO = NO;
				SDKROOT = iphoneos;
				SWIFT_COMPILATION_MODE = wholemodule;
				SWIFT_OPTIMIZATION_LEVEL = "-O";
				VALIDATE_PRODUCT = YES;
			};
			name = Release;
		};
		ADFAE1E5210CAA9500E08054 /* Debug */ = {
			isa = XCBuildConfiguration;
			buildSettings = {
				ASSETCATALOG_COMPILER_APPICON_NAME = AppIcon;
				CODE_SIGN_STYLE = Automatic;
				DEVELOPMENT_TEAM = S26YPRY864;
				INFOPLIST_FILE = OneSmile/Info.plist;
				LD_RUNPATH_SEARCH_PATHS = (
					"$(inherited)",
					"@executable_path/Frameworks",
				);
				PRODUCT_BUNDLE_IDENTIFIER = com.dkrtalic.OneSmile;
				PRODUCT_NAME = "$(TARGET_NAME)";
				SWIFT_VERSION = 4.0;
				TARGETED_DEVICE_FAMILY = "1,2";
			};
			name = Debug;
		};
		ADFAE1E6210CAA9500E08054 /* Release */ = {
			isa = XCBuildConfiguration;
			buildSettings = {
				ASSETCATALOG_COMPILER_APPICON_NAME = AppIcon;
				CODE_SIGN_STYLE = Automatic;
				DEVELOPMENT_TEAM = S26YPRY864;
				INFOPLIST_FILE = OneSmile/Info.plist;
				LD_RUNPATH_SEARCH_PATHS = (
					"$(inherited)",
					"@executable_path/Frameworks",
				);
				PRODUCT_BUNDLE_IDENTIFIER = com.dkrtalic.OneSmile;
				PRODUCT_NAME = "$(TARGET_NAME)";
				SWIFT_VERSION = 4.0;
				TARGETED_DEVICE_FAMILY = "1,2";
			};
			name = Release;
		};
/* End XCBuildConfiguration section */

/* Begin XCConfigurationList section */
		ADFAE1CA210CAA9300E08054 /* Build configuration list for PBXProject "OneSmile" */ = {
			isa = XCConfigurationList;
			buildConfigurations = (
				ADFAE1E2210CAA9500E08054 /* Debug */,
				ADFAE1E3210CAA9500E08054 /* Release */,
			);
			defaultConfigurationIsVisible = 0;
			defaultConfigurationName = Release;
		};
		ADFAE1E4210CAA9500E08054 /* Build configuration list for PBXNativeTarget "OneSmile" */ = {
			isa = XCConfigurationList;
			buildConfigurations = (
				ADFAE1E5210CAA9500E08054 /* Debug */,
				ADFAE1E6210CAA9500E08054 /* Release */,
			);
			defaultConfigurationIsVisible = 0;
			defaultConfigurationName = Release;
		};
/* End XCConfigurationList section */

/* Begin XCVersionGroup section */
		ADFAE1D9210CAA9300E08054 /* OneSmile.xcdatamodeld */ = {
			isa = XCVersionGroup;
			children = (
				ADFAE1DA210CAA9300E08054 /* OneSmile.xcdatamodel */,
			);
			currentVersion = ADFAE1DA210CAA9300E08054 /* OneSmile.xcdatamodel */;
			path = OneSmile.xcdatamodeld;
			sourceTree = "<group>";
			versionGroupType = wrapper.xcdatamodel;
		};
/* End XCVersionGroup section */
	};
	rootObject = ADFAE1C7210CAA9300E08054 /* Project object */;
}
